
Microsoft Visual Studio Solution File, Format Version 12.00
# Visual Studio Version 17
VisualStudioVersion = 17.3.32929.385
MinimumVisualStudioVersion = 10.0.40219.1
Project("{9A19103F-16F7-4668-BE54-9A1E7A4F7556}") = "Account", "Account\Account.csproj", "{2D76F2B7-83E2-465D-9B7B-B0DA68769E80}"
EndProject
Project("{9A19103F-16F7-4668-BE54-9A1E7A4F7556}") = "Messages", "Messages\Messages.csproj", "{FA3EAAD8-2B2D-4369-8430-7F1A8E68D2CC}"
EndProject
Global
	GlobalSection(SolutionConfigurationPlatforms) = preSolution
		Debug|Any CPU = Debug|Any CPU
		Release|Any CPU = Release|Any CPU
	EndGlobalSection
	GlobalSection(ProjectConfigurationPlatforms) = postSolution
		{2D76F2B7-83E2-465D-9B7B-B0DA68769E80}.Debug|Any CPU.ActiveCfg = Debug|Any CPU
		{2D76F2B7-83E2-465D-9B7B-B0DA68769E80}.Debug|Any CPU.Build.0 = Debug|Any CPU
		{2D76F2B7-83E2-465D-9B7B-B0DA68769E80}.Release|Any CPU.ActiveCfg = Release|Any CPU
		{2D76F2B7-83E2-465D-9B7B-B0DA68769E80}.Release|Any CPU.Build.0 = Release|Any CPU
		{FA3EAAD8-2B2D-4369-8430-7F1A8E68D2CC}.Debug|Any CPU.ActiveCfg = Debug|Any CPU
		{FA3EAAD8-2B2D-4369-8430-7F1A8E68D2CC}.Debug|Any CPU.Build.0 = Debug|Any CPU
		{FA3EAAD8-2B2D-4369-8430-7F1A8E68D2CC}.Release|Any CPU.ActiveCfg = Release|Any CPU
		{FA3EAAD8-2B2D-4369-8430-7F1A8E68D2CC}.Release|Any CPU.Build.0 = Release|Any CPU
	EndGlobalSection
	GlobalSection(SolutionProperties) = preSolution
		HideSolutionNode = FALSE
	EndGlobalSection
	GlobalSection(ExtensibilityGlobals) = postSolution
		SolutionGuid = {D85BA1A8-D551-4337-99A1-A80FF43A09E4}
	EndGlobalSection
EndGlobal
